// !$*UTF8*$!
{
	archiveVersion = 1;
	classes = {
	};
	objectVersion = 48;
	objects = {

/* Begin PBXBuildFile section */
		7A3882E7F463409C143F7A5E /* Pods_Patent_App.framework in Frameworks */ = {isa = PBXBuildFile; fileRef = 27AFEF69F4C4243AA6F86D73 /* Pods_Patent_App.framework */; };
		E10B710E202C7FF5003F32DC /* PatentScrollView.swift in Sources */ = {isa = PBXBuildFile; fileRef = E10B710D202C7FF5003F32DC /* PatentScrollView.swift */; };
		E10B7110202C9973003F32DC /* ErrorAlert.mp3 in Resources */ = {isa = PBXBuildFile; fileRef = E10B710F202C9972003F32DC /* ErrorAlert.mp3 */; };
		E140398E1FFF7B4100FF4088 /* RecordStopButton.swift in Sources */ = {isa = PBXBuildFile; fileRef = E140398D1FFF7B4100FF4088 /* RecordStopButton.swift */; };
		E146A1CD200F51D60024E6A2 /* FinishView.swift in Sources */ = {isa = PBXBuildFile; fileRef = E146A1CC200F51D60024E6A2 /* FinishView.swift */; };
		E146A1D1200F52000024E6A2 /* FinishView.xib in Resources */ = {isa = PBXBuildFile; fileRef = E146A1D0200F52000024E6A2 /* FinishView.xib */; };
		E146A1D3200F52D50024E6A2 /* FinishController.swift in Sources */ = {isa = PBXBuildFile; fileRef = E146A1D2200F52D50024E6A2 /* FinishController.swift */; };
		E148C451202D9F24003906A4 /* TopToolBar.swift in Sources */ = {isa = PBXBuildFile; fileRef = E148C450202D9F24003906A4 /* TopToolBar.swift */; };
		E148C456202D9FBC003906A4 /* TopToolBar.xib in Resources */ = {isa = PBXBuildFile; fileRef = E148C455202D9FBC003906A4 /* TopToolBar.xib */; };
		E148C47B202DE622003906A4 /* RecordButton.swift in Sources */ = {isa = PBXBuildFile; fileRef = E148C47A202DE622003906A4 /* RecordButton.swift */; };
		E14F66C920234A11000C9CA4 /* BottomToolBar.swift in Sources */ = {isa = PBXBuildFile; fileRef = E14F66C820234A11000C9CA4 /* BottomToolBar.swift */; };
		E14F66CB20234A26000C9CA4 /* BottomToolBar.xib in Resources */ = {isa = PBXBuildFile; fileRef = E14F66CA20234A26000C9CA4 /* BottomToolBar.xib */; };
		E14F66CE2023727B000C9CA4 /* PatentLabel.swift in Sources */ = {isa = PBXBuildFile; fileRef = E14F66CD2023727B000C9CA4 /* PatentLabel.swift */; };
		E14FF70E200E43B000B12E39 /* DataUtils.swift in Sources */ = {isa = PBXBuildFile; fileRef = E14FF70D200E43B000B12E39 /* DataUtils.swift */; };
		E14FF710200E446500B12E39 /* StringUtils.swift in Sources */ = {isa = PBXBuildFile; fileRef = E14FF70F200E446500B12E39 /* StringUtils.swift */; };
		E1529DB3201601BC003CD7C6 /* Word.swift in Sources */ = {isa = PBXBuildFile; fileRef = E1529DB2201601BC003CD7C6 /* Word.swift */; };
		E16481E7202473C400702D2B /* StoryPartViewController.swift in Sources */ = {isa = PBXBuildFile; fileRef = E16481E6202473C400702D2B /* StoryPartViewController.swift */; };
		E16503881FFE276C00D91FDF /* HomeViewController.swift in Sources */ = {isa = PBXBuildFile; fileRef = E16503871FFE276C00D91FDF /* HomeViewController.swift */; };
		E17A1295202066AC00C37AFB /* StoryPart.swift in Sources */ = {isa = PBXBuildFile; fileRef = E17A1294202066AC00C37AFB /* StoryPart.swift */; };
		E17A12972020677100C37AFB /* StoryController.swift in Sources */ = {isa = PBXBuildFile; fileRef = E17A12962020677100C37AFB /* StoryController.swift */; };
		E17D12E1201779B70040681E /* DialogUtils.swift in Sources */ = {isa = PBXBuildFile; fileRef = E17D12E0201779B70040681E /* DialogUtils.swift */; };
		E188E2812010ABA300755614 /* KeyboardHandlerProtocol.swift in Sources */ = {isa = PBXBuildFile; fileRef = E188E2802010ABA300755614 /* KeyboardHandlerProtocol.swift */; };
		E188E2832010D3BE00755614 /* SendContainerView.swift in Sources */ = {isa = PBXBuildFile; fileRef = E188E2822010D3BE00755614 /* SendContainerView.swift */; };
		E188E2852010D3DA00755614 /* SendContainerView.xib in Resources */ = {isa = PBXBuildFile; fileRef = E188E2842010D3DA00755614 /* SendContainerView.xib */; };
		E18937B1201F81EB009776A0 /* story.json in Resources */ = {isa = PBXBuildFile; fileRef = E18937B0201F81EA009776A0 /* story.json */; };
		E19170E41FF3985100C3BD1C /* AppDelegate.swift in Sources */ = {isa = PBXBuildFile; fileRef = E19170E31FF3985100C3BD1C /* AppDelegate.swift */; };
		E19170E61FF3985100C3BD1C /* StoryViewController.swift in Sources */ = {isa = PBXBuildFile; fileRef = E19170E51FF3985100C3BD1C /* StoryViewController.swift */; };
		E19170E91FF3985100C3BD1C /* Main.storyboard in Resources */ = {isa = PBXBuildFile; fileRef = E19170E71FF3985100C3BD1C /* Main.storyboard */; };
		E19170EB1FF3985100C3BD1C /* Assets.xcassets in Resources */ = {isa = PBXBuildFile; fileRef = E19170EA1FF3985100C3BD1C /* Assets.xcassets */; };
		E19170EE1FF3985100C3BD1C /* LaunchScreen.storyboard in Resources */ = {isa = PBXBuildFile; fileRef = E19170EC1FF3985100C3BD1C /* LaunchScreen.storyboard */; };
		E19170F61FF3A08D00C3BD1C /* SpeechRecognitionService.swift in Sources */ = {isa = PBXBuildFile; fileRef = E19170F51FF3A08D00C3BD1C /* SpeechRecognitionService.swift */; };
		E19170F81FF3A09500C3BD1C /* AudioController.swift in Sources */ = {isa = PBXBuildFile; fileRef = E19170F71FF3A09500C3BD1C /* AudioController.swift */; };
		E194D72520076C0F005D62EF /* MenuButton.swift in Sources */ = {isa = PBXBuildFile; fileRef = E194D72420076C0F005D62EF /* MenuButton.swift */; };
		E194D72720077306005D62EF /* CategoryViewController.swift in Sources */ = {isa = PBXBuildFile; fileRef = E194D72620077306005D62EF /* CategoryViewController.swift */; };
		E194D72920077657005D62EF /* StoryboardInitializable.swift in Sources */ = {isa = PBXBuildFile; fileRef = E194D72820077657005D62EF /* StoryboardInitializable.swift */; };
		E1ED4409201B510200BA291A /* NotesViewController.swift in Sources */ = {isa = PBXBuildFile; fileRef = E1ED4408201B510200BA291A /* NotesViewController.swift */; };
		E1ED4414201B530B00BA291A /* Patent.xcdatamodeld in Sources */ = {isa = PBXBuildFile; fileRef = E1ED4412201B530B00BA291A /* Patent.xcdatamodeld */; };
		E1ED442E201B57DD00BA291A /* NoteCell.swift in Sources */ = {isa = PBXBuildFile; fileRef = E1ED442D201B57DD00BA291A /* NoteCell.swift */; };
		E1ED4431201B609000BA291A /* Note+CoreDataClass.swift in Sources */ = {isa = PBXBuildFile; fileRef = E1ED442F201B609000BA291A /* Note+CoreDataClass.swift */; };
		E1ED4432201B609000BA291A /* Note+CoreDataProperties.swift in Sources */ = {isa = PBXBuildFile; fileRef = E1ED4430201B609000BA291A /* Note+CoreDataProperties.swift */; };
		E1ED4434201B654600BA291A /* CoreDataManager.swift in Sources */ = {isa = PBXBuildFile; fileRef = E1ED4433201B654600BA291A /* CoreDataManager.swift */; };
		E1ED4436201B761100BA291A /* NoteController.swift in Sources */ = {isa = PBXBuildFile; fileRef = E1ED4435201B761100BA291A /* NoteController.swift */; };
/* End PBXBuildFile section */

/* Begin PBXFileReference section */
		27AFEF69F4C4243AA6F86D73 /* Pods_Patent_App.framework */ = {isa = PBXFileReference; explicitFileType = wrapper.framework; includeInIndex = 0; path = Pods_Patent_App.framework; sourceTree = BUILT_PRODUCTS_DIR; };
		7A19AD277406B221DC623C2C /* Pods-Patent App.release.xcconfig */ = {isa = PBXFileReference; includeInIndex = 1; lastKnownFileType = text.xcconfig; name = "Pods-Patent App.release.xcconfig"; path = "Pods/Target Support Files/Pods-Patent App/Pods-Patent App.release.xcconfig"; sourceTree = "<group>"; };
		D4D0EA8C9B9210A9EC420EBA /* Pods-Patent App.debug.xcconfig */ = {isa = PBXFileReference; includeInIndex = 1; lastKnownFileType = text.xcconfig; name = "Pods-Patent App.debug.xcconfig"; path = "Pods/Target Support Files/Pods-Patent App/Pods-Patent App.debug.xcconfig"; sourceTree = "<group>"; };
		E10B710D202C7FF5003F32DC /* PatentScrollView.swift */ = {isa = PBXFileReference; lastKnownFileType = sourcecode.swift; path = PatentScrollView.swift; sourceTree = "<group>"; };
		E10B710F202C9972003F32DC /* ErrorAlert.mp3 */ = {isa = PBXFileReference; lastKnownFileType = audio.mp3; path = ErrorAlert.mp3; sourceTree = "<group>"; };
		E140398D1FFF7B4100FF4088 /* RecordStopButton.swift */ = {isa = PBXFileReference; lastKnownFileType = sourcecode.swift; path = RecordStopButton.swift; sourceTree = "<group>"; };
		E146A1CC200F51D60024E6A2 /* FinishView.swift */ = {isa = PBXFileReference; lastKnownFileType = sourcecode.swift; path = FinishView.swift; sourceTree = "<group>"; };
		E146A1D0200F52000024E6A2 /* FinishView.xib */ = {isa = PBXFileReference; lastKnownFileType = file.xib; path = FinishView.xib; sourceTree = "<group>"; };
		E146A1D2200F52D50024E6A2 /* FinishController.swift */ = {isa = PBXFileReference; fileEncoding = 4; lastKnownFileType = sourcecode.swift; path = FinishController.swift; sourceTree = "<group>"; };
		E148C450202D9F24003906A4 /* TopToolBar.swift */ = {isa = PBXFileReference; lastKnownFileType = sourcecode.swift; path = TopToolBar.swift; sourceTree = "<group>"; };
		E148C455202D9FBC003906A4 /* TopToolBar.xib */ = {isa = PBXFileReference; lastKnownFileType = file.xib; path = TopToolBar.xib; sourceTree = "<group>"; };
		E148C47A202DE622003906A4 /* RecordButton.swift */ = {isa = PBXFileReference; fileEncoding = 4; lastKnownFileType = sourcecode.swift; path = RecordButton.swift; sourceTree = "<group>"; };
		E14F66C820234A11000C9CA4 /* BottomToolBar.swift */ = {isa = PBXFileReference; lastKnownFileType = sourcecode.swift; path = BottomToolBar.swift; sourceTree = "<group>"; };
		E14F66CA20234A26000C9CA4 /* BottomToolBar.xib */ = {isa = PBXFileReference; lastKnownFileType = file.xib; path = BottomToolBar.xib; sourceTree = "<group>"; };
		E14F66CD2023727B000C9CA4 /* PatentLabel.swift */ = {isa = PBXFileReference; lastKnownFileType = sourcecode.swift; path = PatentLabel.swift; sourceTree = "<group>"; };
		E14FF70D200E43B000B12E39 /* DataUtils.swift */ = {isa = PBXFileReference; lastKnownFileType = sourcecode.swift; path = DataUtils.swift; sourceTree = "<group>"; };
		E14FF70F200E446500B12E39 /* StringUtils.swift */ = {isa = PBXFileReference; lastKnownFileType = sourcecode.swift; path = StringUtils.swift; sourceTree = "<group>"; };
		E1529DB2201601BC003CD7C6 /* Word.swift */ = {isa = PBXFileReference; lastKnownFileType = sourcecode.swift; path = Word.swift; sourceTree = "<group>"; };
		E16481E6202473C400702D2B /* StoryPartViewController.swift */ = {isa = PBXFileReference; lastKnownFileType = sourcecode.swift; path = StoryPartViewController.swift; sourceTree = "<group>"; };
		E16503871FFE276C00D91FDF /* HomeViewController.swift */ = {isa = PBXFileReference; lastKnownFileType = sourcecode.swift; path = HomeViewController.swift; sourceTree = "<group>"; };
		E17A1294202066AC00C37AFB /* StoryPart.swift */ = {isa = PBXFileReference; lastKnownFileType = sourcecode.swift; path = StoryPart.swift; sourceTree = "<group>"; };
		E17A12962020677100C37AFB /* StoryController.swift */ = {isa = PBXFileReference; lastKnownFileType = sourcecode.swift; path = StoryController.swift; sourceTree = "<group>"; };
		E17D12E0201779B70040681E /* DialogUtils.swift */ = {isa = PBXFileReference; fileEncoding = 4; lastKnownFileType = sourcecode.swift; path = DialogUtils.swift; sourceTree = "<group>"; };
		E188E2802010ABA300755614 /* KeyboardHandlerProtocol.swift */ = {isa = PBXFileReference; fileEncoding = 4; lastKnownFileType = sourcecode.swift; path = KeyboardHandlerProtocol.swift; sourceTree = "<group>"; };
		E188E2822010D3BE00755614 /* SendContainerView.swift */ = {isa = PBXFileReference; lastKnownFileType = sourcecode.swift; path = SendContainerView.swift; sourceTree = "<group>"; };
		E188E2842010D3DA00755614 /* SendContainerView.xib */ = {isa = PBXFileReference; lastKnownFileType = file.xib; path = SendContainerView.xib; sourceTree = "<group>"; };
		E18937B0201F81EA009776A0 /* story.json */ = {isa = PBXFileReference; fileEncoding = 4; lastKnownFileType = text.json; path = story.json; sourceTree = "<group>"; };
		E19170E01FF3985100C3BD1C /* Patent App.app */ = {isa = PBXFileReference; explicitFileType = wrapper.application; includeInIndex = 0; path = "Patent App.app"; sourceTree = BUILT_PRODUCTS_DIR; };
		E19170E31FF3985100C3BD1C /* AppDelegate.swift */ = {isa = PBXFileReference; lastKnownFileType = sourcecode.swift; path = AppDelegate.swift; sourceTree = "<group>"; };
		E19170E51FF3985100C3BD1C /* StoryViewController.swift */ = {isa = PBXFileReference; lastKnownFileType = sourcecode.swift; path = StoryViewController.swift; sourceTree = "<group>"; };
		E19170E81FF3985100C3BD1C /* Base */ = {isa = PBXFileReference; lastKnownFileType = file.storyboard; name = Base; path = Base.lproj/Main.storyboard; sourceTree = "<group>"; };
		E19170EA1FF3985100C3BD1C /* Assets.xcassets */ = {isa = PBXFileReference; lastKnownFileType = folder.assetcatalog; path = Assets.xcassets; sourceTree = "<group>"; };
		E19170ED1FF3985100C3BD1C /* Base */ = {isa = PBXFileReference; lastKnownFileType = file.storyboard; name = Base; path = Base.lproj/LaunchScreen.storyboard; sourceTree = "<group>"; };
		E19170EF1FF3985100C3BD1C /* Info.plist */ = {isa = PBXFileReference; lastKnownFileType = text.plist.xml; path = Info.plist; sourceTree = "<group>"; };
		E19170F51FF3A08D00C3BD1C /* SpeechRecognitionService.swift */ = {isa = PBXFileReference; fileEncoding = 4; lastKnownFileType = sourcecode.swift; path = SpeechRecognitionService.swift; sourceTree = "<group>"; };
		E19170F71FF3A09500C3BD1C /* AudioController.swift */ = {isa = PBXFileReference; fileEncoding = 4; lastKnownFileType = sourcecode.swift; path = AudioController.swift; sourceTree = "<group>"; };
		E194D72420076C0F005D62EF /* MenuButton.swift */ = {isa = PBXFileReference; lastKnownFileType = sourcecode.swift; path = MenuButton.swift; sourceTree = "<group>"; };
		E194D72620077306005D62EF /* CategoryViewController.swift */ = {isa = PBXFileReference; lastKnownFileType = sourcecode.swift; path = CategoryViewController.swift; sourceTree = "<group>"; };
		E194D72820077657005D62EF /* StoryboardInitializable.swift */ = {isa = PBXFileReference; fileEncoding = 4; lastKnownFileType = sourcecode.swift; path = StoryboardInitializable.swift; sourceTree = "<group>"; };
		E1ED4408201B510200BA291A /* NotesViewController.swift */ = {isa = PBXFileReference; lastKnownFileType = sourcecode.swift; path = NotesViewController.swift; sourceTree = "<group>"; };
		E1ED4413201B530B00BA291A /* Patent.xcdatamodel */ = {isa = PBXFileReference; lastKnownFileType = wrapper.xcdatamodel; path = Patent.xcdatamodel; sourceTree = "<group>"; };
		E1ED442D201B57DD00BA291A /* NoteCell.swift */ = {isa = PBXFileReference; lastKnownFileType = sourcecode.swift; path = NoteCell.swift; sourceTree = "<group>"; };
		E1ED442F201B609000BA291A /* Note+CoreDataClass.swift */ = {isa = PBXFileReference; lastKnownFileType = sourcecode.swift; path = "Note+CoreDataClass.swift"; sourceTree = "<group>"; };
		E1ED4430201B609000BA291A /* Note+CoreDataProperties.swift */ = {isa = PBXFileReference; lastKnownFileType = sourcecode.swift; path = "Note+CoreDataProperties.swift"; sourceTree = "<group>"; };
		E1ED4433201B654600BA291A /* CoreDataManager.swift */ = {isa = PBXFileReference; lastKnownFileType = sourcecode.swift; path = CoreDataManager.swift; sourceTree = "<group>"; };
		E1ED4435201B761100BA291A /* NoteController.swift */ = {isa = PBXFileReference; lastKnownFileType = sourcecode.swift; path = NoteController.swift; sourceTree = "<group>"; };
/* End PBXFileReference section */

/* Begin PBXFrameworksBuildPhase section */
		E19170DD1FF3985100C3BD1C /* Frameworks */ = {
			isa = PBXFrameworksBuildPhase;
			buildActionMask = 2147483647;
			files = (
				7A3882E7F463409C143F7A5E /* Pods_Patent_App.framework in Frameworks */,
			);
			runOnlyForDeploymentPostprocessing = 0;
		};
/* End PBXFrameworksBuildPhase section */

/* Begin PBXGroup section */
		5BF1352EB2742B01D2D87567 /* Frameworks */ = {
			isa = PBXGroup;
			children = (
				27AFEF69F4C4243AA6F86D73 /* Pods_Patent_App.framework */,
			);
			name = Frameworks;
			sourceTree = "<group>";
		};
		A7F0535C757E51085D3C8278 /* Pods */ = {
			isa = PBXGroup;
			children = (
				D4D0EA8C9B9210A9EC420EBA /* Pods-Patent App.debug.xcconfig */,
				7A19AD277406B221DC623C2C /* Pods-Patent App.release.xcconfig */,
			);
			name = Pods;
			sourceTree = "<group>";
		};
		E10B710C202C7FD0003F32DC /* ScrollView */ = {
			isa = PBXGroup;
			children = (
				E10B710D202C7FF5003F32DC /* PatentScrollView.swift */,
			);
			path = ScrollView;
			sourceTree = "<group>";
		};
		E146A1CB200F51B80024E6A2 /* FinishView */ = {
			isa = PBXGroup;
			children = (
				E146A1CC200F51D60024E6A2 /* FinishView.swift */,
				E146A1D0200F52000024E6A2 /* FinishView.xib */,
			);
			path = FinishView;
			sourceTree = "<group>";
		};
		E148C452202D9F7E003906A4 /* TopToolBar */ = {
			isa = PBXGroup;
			children = (
				E148C450202D9F24003906A4 /* TopToolBar.swift */,
				E148C455202D9FBC003906A4 /* TopToolBar.xib */,
			);
			path = TopToolBar;
			sourceTree = "<group>";
		};
		E14F66C7202349DE000C9CA4 /* BottomToolBar */ = {
			isa = PBXGroup;
			children = (
				E14F66C820234A11000C9CA4 /* BottomToolBar.swift */,
				E14F66CA20234A26000C9CA4 /* BottomToolBar.xib */,
			);
			path = BottomToolBar;
			sourceTree = "<group>";
		};
		E14F66CC2023725D000C9CA4 /* Labels */ = {
			isa = PBXGroup;
			children = (
				E14F66CD2023727B000C9CA4 /* PatentLabel.swift */,
			);
			path = Labels;
			sourceTree = "<group>";
		};
		E14FF70C200E435200B12E39 /* Utils */ = {
			isa = PBXGroup;
			children = (
				E17D12E0201779B70040681E /* DialogUtils.swift */,
				E146A1D2200F52D50024E6A2 /* FinishController.swift */,
				E14FF70D200E43B000B12E39 /* DataUtils.swift */,
				E14FF70F200E446500B12E39 /* StringUtils.swift */,
				E1ED4433201B654600BA291A /* CoreDataManager.swift */,
				E1ED4435201B761100BA291A /* NoteController.swift */,
				E17A12962020677100C37AFB /* StoryController.swift */,
			);
			path = Utils;
			sourceTree = "<group>";
		};
		E1529DB1201601AC003CD7C6 /* Model */ = {
			isa = PBXGroup;
			children = (
				E1ED442F201B609000BA291A /* Note+CoreDataClass.swift */,
				E1ED4430201B609000BA291A /* Note+CoreDataProperties.swift */,
				E1529DB2201601BC003CD7C6 /* Word.swift */,
				E17A1294202066AC00C37AFB /* StoryPart.swift */,
			);
			path = Model;
			sourceTree = "<group>";
		};
		E188E2862010D4D200755614 /* SendContainerView */ = {
			isa = PBXGroup;
			children = (
				E188E2822010D3BE00755614 /* SendContainerView.swift */,
				E188E2842010D3DA00755614 /* SendContainerView.xib */,
			);
			path = SendContainerView;
			sourceTree = "<group>";
		};
		E19170D71FF3985100C3BD1C = {
			isa = PBXGroup;
			children = (
				E19170E21FF3985100C3BD1C /* Patent App */,
				E19170E11FF3985100C3BD1C /* Products */,
				A7F0535C757E51085D3C8278 /* Pods */,
				5BF1352EB2742B01D2D87567 /* Frameworks */,
			);
			sourceTree = "<group>";
		};
		E19170E11FF3985100C3BD1C /* Products */ = {
			isa = PBXGroup;
			children = (
				E19170E01FF3985100C3BD1C /* Patent App.app */,
			);
			name = Products;
			sourceTree = "<group>";
		};
		E19170E21FF3985100C3BD1C /* Patent App */ = {
			isa = PBXGroup;
			children = (
				E19170E31FF3985100C3BD1C /* AppDelegate.swift */,
				E1529DB1201601AC003CD7C6 /* Model */,
				E194D72E200779EB005D62EF /* ViewControllers */,
				E194D72A2007797B005D62EF /* CustomViews */,
				E194D72F20077A04005D62EF /* Storyboards */,
				E14FF70C200E435200B12E39 /* Utils */,
				E194D72D200779DA005D62EF /* Protocols */,
				E194D73020077A1B005D62EF /* GoogleSpeech */,
				E19170EA1FF3985100C3BD1C /* Assets.xcassets */,
				E19170EF1FF3985100C3BD1C /* Info.plist */,
				E10B710F202C9972003F32DC /* ErrorAlert.mp3 */,
				E18937B0201F81EA009776A0 /* story.json */,
				E1ED4412201B530B00BA291A /* Patent.xcdatamodeld */,
			);
			path = "Patent App";
			sourceTree = "<group>";
		};
		E194D72A2007797B005D62EF /* CustomViews */ = {
			isa = PBXGroup;
			children = (
				E148C452202D9F7E003906A4 /* TopToolBar */,
				E10B710C202C7FD0003F32DC /* ScrollView */,
				E14F66CC2023725D000C9CA4 /* Labels */,
				E14F66C7202349DE000C9CA4 /* BottomToolBar */,
				E188E2862010D4D200755614 /* SendContainerView */,
				E146A1CB200F51B80024E6A2 /* FinishView */,
				E194D72B200779A4005D62EF /* Buttons */,
				E1ED442D201B57DD00BA291A /* NoteCell.swift */,
			);
			path = CustomViews;
			sourceTree = "<group>";
		};
		E194D72B200779A4005D62EF /* Buttons */ = {
			isa = PBXGroup;
			children = (
				E148C47A202DE622003906A4 /* RecordButton.swift */,
				E194D72420076C0F005D62EF /* MenuButton.swift */,
				E140398D1FFF7B4100FF4088 /* RecordStopButton.swift */,
			);
			path = Buttons;
			sourceTree = "<group>";
		};
		E194D72D200779DA005D62EF /* Protocols */ = {
			isa = PBXGroup;
			children = (
				E188E2802010ABA300755614 /* KeyboardHandlerProtocol.swift */,
				E194D72820077657005D62EF /* StoryboardInitializable.swift */,
			);
			path = Protocols;
			sourceTree = "<group>";
		};
		E194D72E200779EB005D62EF /* ViewControllers */ = {
			isa = PBXGroup;
			children = (
				E16503871FFE276C00D91FDF /* HomeViewController.swift */,
				E194D72620077306005D62EF /* CategoryViewController.swift */,
				E19170E51FF3985100C3BD1C /* StoryViewController.swift */,
				E16481E6202473C400702D2B /* StoryPartViewController.swift */,
				E1ED4408201B510200BA291A /* NotesViewController.swift */,
			);
			path = ViewControllers;
			sourceTree = "<group>";
		};
		E194D72F20077A04005D62EF /* Storyboards */ = {
			isa = PBXGroup;
			children = (
				E19170EC1FF3985100C3BD1C /* LaunchScreen.storyboard */,
				E19170E71FF3985100C3BD1C /* Main.storyboard */,
			);
			path = Storyboards;
			sourceTree = "<group>";
		};
		E194D73020077A1B005D62EF /* GoogleSpeech */ = {
			isa = PBXGroup;
			children = (
				E19170F71FF3A09500C3BD1C /* AudioController.swift */,
				E19170F51FF3A08D00C3BD1C /* SpeechRecognitionService.swift */,
			);
			path = GoogleSpeech;
			sourceTree = "<group>";
		};
/* End PBXGroup section */

/* Begin PBXNativeTarget section */
		E19170DF1FF3985100C3BD1C /* Patent App */ = {
			isa = PBXNativeTarget;
			buildConfigurationList = E19170F21FF3985100C3BD1C /* Build configuration list for PBXNativeTarget "Patent App" */;
			buildPhases = (
				FB625EC32FD4917E3AE2B2D8 /* [CP] Check Pods Manifest.lock */,
				E19170DC1FF3985100C3BD1C /* Sources */,
				E19170DD1FF3985100C3BD1C /* Frameworks */,
				E19170DE1FF3985100C3BD1C /* Resources */,
				30596A52BB6652A682786126 /* [CP] Embed Pods Frameworks */,
				570BB01670C8E3BA5D386DB0 /* [CP] Copy Pods Resources */,
			);
			buildRules = (
			);
			dependencies = (
			);
			name = "Patent App";
			productName = "Patent App";
			productReference = E19170E01FF3985100C3BD1C /* Patent App.app */;
			productType = "com.apple.product-type.application";
		};
/* End PBXNativeTarget section */

/* Begin PBXProject section */
		E19170D81FF3985100C3BD1C /* Project object */ = {
			isa = PBXProject;
			attributes = {
				LastSwiftUpdateCheck = 0920;
				LastUpgradeCheck = 0920;
				ORGANIZATIONNAME = "Vladimir Zivanov";
				TargetAttributes = {
					E19170DF1FF3985100C3BD1C = {
						CreatedOnToolsVersion = 9.2;
						ProvisioningStyle = Automatic;
					};
				};
			};
			buildConfigurationList = E19170DB1FF3985100C3BD1C /* Build configuration list for PBXProject "Patent App" */;
			compatibilityVersion = "Xcode 8.0";
			developmentRegion = en;
			hasScannedForEncodings = 0;
			knownRegions = (
				en,
				Base,
			);
			mainGroup = E19170D71FF3985100C3BD1C;
			productRefGroup = E19170E11FF3985100C3BD1C /* Products */;
			projectDirPath = "";
			projectRoot = "";
			targets = (
				E19170DF1FF3985100C3BD1C /* Patent App */,
			);
		};
/* End PBXProject section */

/* Begin PBXResourcesBuildPhase section */
		E19170DE1FF3985100C3BD1C /* Resources */ = {
			isa = PBXResourcesBuildPhase;
			buildActionMask = 2147483647;
			files = (
				E19170EE1FF3985100C3BD1C /* LaunchScreen.storyboard in Resources */,
				E19170EB1FF3985100C3BD1C /* Assets.xcassets in Resources */,
				E18937B1201F81EB009776A0 /* story.json in Resources */,
				E19170E91FF3985100C3BD1C /* Main.storyboard in Resources */,
				E148C456202D9FBC003906A4 /* TopToolBar.xib in Resources */,
				E14F66CB20234A26000C9CA4 /* BottomToolBar.xib in Resources */,
				E146A1D1200F52000024E6A2 /* FinishView.xib in Resources */,
				E10B7110202C9973003F32DC /* ErrorAlert.mp3 in Resources */,
				E188E2852010D3DA00755614 /* SendContainerView.xib in Resources */,
			);
			runOnlyForDeploymentPostprocessing = 0;
		};
/* End PBXResourcesBuildPhase section */

/* Begin PBXShellScriptBuildPhase section */
		30596A52BB6652A682786126 /* [CP] Embed Pods Frameworks */ = {
			isa = PBXShellScriptBuildPhase;
			buildActionMask = 2147483647;
			files = (
			);
			inputPaths = (
				"${SRCROOT}/Pods/Target Support Files/Pods-Patent App/Pods-Patent App-frameworks.sh",
				"${BUILT_PRODUCTS_DIR}/BoringSSL/openssl.framework",
				"${BUILT_PRODUCTS_DIR}/Protobuf/Protobuf.framework",
				"${BUILT_PRODUCTS_DIR}/TTTAttributedLabel/TTTAttributedLabel.framework",
				"${BUILT_PRODUCTS_DIR}/gRPC/GRPCClient.framework",
				"${BUILT_PRODUCTS_DIR}/gRPC-Core/grpc.framework",
				"${BUILT_PRODUCTS_DIR}/gRPC-ProtoRPC/ProtoRPC.framework",
				"${BUILT_PRODUCTS_DIR}/gRPC-RxLibrary/RxLibrary.framework",
				"${BUILT_PRODUCTS_DIR}/googleapis/googleapis.framework",
				"${BUILT_PRODUCTS_DIR}/nanopb/nanopb.framework",
			);
			name = "[CP] Embed Pods Frameworks";
			outputPaths = (
				"${TARGET_BUILD_DIR}/${FRAMEWORKS_FOLDER_PATH}/openssl.framework",
				"${TARGET_BUILD_DIR}/${FRAMEWORKS_FOLDER_PATH}/Protobuf.framework",
				"${TARGET_BUILD_DIR}/${FRAMEWORKS_FOLDER_PATH}/TTTAttributedLabel.framework",
				"${TARGET_BUILD_DIR}/${FRAMEWORKS_FOLDER_PATH}/GRPCClient.framework",
				"${TARGET_BUILD_DIR}/${FRAMEWORKS_FOLDER_PATH}/grpc.framework",
				"${TARGET_BUILD_DIR}/${FRAMEWORKS_FOLDER_PATH}/ProtoRPC.framework",
				"${TARGET_BUILD_DIR}/${FRAMEWORKS_FOLDER_PATH}/RxLibrary.framework",
				"${TARGET_BUILD_DIR}/${FRAMEWORKS_FOLDER_PATH}/googleapis.framework",
				"${TARGET_BUILD_DIR}/${FRAMEWORKS_FOLDER_PATH}/nanopb.framework",
			);
			runOnlyForDeploymentPostprocessing = 0;
			shellPath = /bin/sh;
			shellScript = "\"${SRCROOT}/Pods/Target Support Files/Pods-Patent App/Pods-Patent App-frameworks.sh\"\n";
			showEnvVarsInLog = 0;
		};
		570BB01670C8E3BA5D386DB0 /* [CP] Copy Pods Resources */ = {
			isa = PBXShellScriptBuildPhase;
			buildActionMask = 2147483647;
			files = (
			);
			inputPaths = (
			);
			name = "[CP] Copy Pods Resources";
			outputPaths = (
			);
			runOnlyForDeploymentPostprocessing = 0;
			shellPath = /bin/sh;
			shellScript = "\"${SRCROOT}/Pods/Target Support Files/Pods-Patent App/Pods-Patent App-resources.sh\"\n";
			showEnvVarsInLog = 0;
		};
		FB625EC32FD4917E3AE2B2D8 /* [CP] Check Pods Manifest.lock */ = {
			isa = PBXShellScriptBuildPhase;
			buildActionMask = 2147483647;
			files = (
			);
			inputPaths = (
				"${PODS_PODFILE_DIR_PATH}/Podfile.lock",
				"${PODS_ROOT}/Manifest.lock",
			);
			name = "[CP] Check Pods Manifest.lock";
			outputPaths = (
				"$(DERIVED_FILE_DIR)/Pods-Patent App-checkManifestLockResult.txt",
			);
			runOnlyForDeploymentPostprocessing = 0;
			shellPath = /bin/sh;
			shellScript = "diff \"${PODS_PODFILE_DIR_PATH}/Podfile.lock\" \"${PODS_ROOT}/Manifest.lock\" > /dev/null\nif [ $? != 0 ] ; then\n    # print error to STDERR\n    echo \"error: The sandbox is not in sync with the Podfile.lock. Run 'pod install' or update your CocoaPods installation.\" >&2\n    exit 1\nfi\n# This output is used by Xcode 'outputs' to avoid re-running this script phase.\necho \"SUCCESS\" > \"${SCRIPT_OUTPUT_FILE_0}\"\n";
			showEnvVarsInLog = 0;
		};
/* End PBXShellScriptBuildPhase section */

/* Begin PBXSourcesBuildPhase section */
		E19170DC1FF3985100C3BD1C /* Sources */ = {
			isa = PBXSourcesBuildPhase;
			buildActionMask = 2147483647;
			files = (
				E14F66CE2023727B000C9CA4 /* PatentLabel.swift in Sources */,
				E194D72720077306005D62EF /* CategoryViewController.swift in Sources */,
				E14FF710200E446500B12E39 /* StringUtils.swift in Sources */,
				E14FF70E200E43B000B12E39 /* DataUtils.swift in Sources */,
				E140398E1FFF7B4100FF4088 /* RecordStopButton.swift in Sources */,
				E16503881FFE276C00D91FDF /* HomeViewController.swift in Sources */,
				E1ED4436201B761100BA291A /* NoteController.swift in Sources */,
				E19170E61FF3985100C3BD1C /* StoryViewController.swift in Sources */,
				E148C47B202DE622003906A4 /* RecordButton.swift in Sources */,
				E194D72920077657005D62EF /* StoryboardInitializable.swift in Sources */,
				E14F66C920234A11000C9CA4 /* BottomToolBar.swift in Sources */,
				E146A1CD200F51D60024E6A2 /* FinishView.swift in Sources */,
				E19170F61FF3A08D00C3BD1C /* SpeechRecognitionService.swift in Sources */,
				E188E2812010ABA300755614 /* KeyboardHandlerProtocol.swift in Sources */,
				E19170F81FF3A09500C3BD1C /* AudioController.swift in Sources */,
				E1ED4431201B609000BA291A /* Note+CoreDataClass.swift in Sources */,
				E1529DB3201601BC003CD7C6 /* Word.swift in Sources */,
				E188E2832010D3BE00755614 /* SendContainerView.swift in Sources */,
				E1ED442E201B57DD00BA291A /* NoteCell.swift in Sources */,
				E17A1295202066AC00C37AFB /* StoryPart.swift in Sources */,
				E17A12972020677100C37AFB /* StoryController.swift in Sources */,
				E17D12E1201779B70040681E /* DialogUtils.swift in Sources */,
				E194D72520076C0F005D62EF /* MenuButton.swift in Sources */,
				E1ED4432201B609000BA291A /* Note+CoreDataProperties.swift in Sources */,
				E10B710E202C7FF5003F32DC /* PatentScrollView.swift in Sources */,
				E1ED4434201B654600BA291A /* CoreDataManager.swift in Sources */,
				E148C451202D9F24003906A4 /* TopToolBar.swift in Sources */,
				E146A1D3200F52D50024E6A2 /* FinishController.swift in Sources */,
				E1ED4409201B510200BA291A /* NotesViewController.swift in Sources */,
				E19170E41FF3985100C3BD1C /* AppDelegate.swift in Sources */,
				E1ED4414201B530B00BA291A /* Patent.xcdatamodeld in Sources */,
				E16481E7202473C400702D2B /* StoryPartViewController.swift in Sources */,
			);
			runOnlyForDeploymentPostprocessing = 0;
		};
/* End PBXSourcesBuildPhase section */

/* Begin PBXVariantGroup section */
		E19170E71FF3985100C3BD1C /* Main.storyboard */ = {
			isa = PBXVariantGroup;
			children = (
				E19170E81FF3985100C3BD1C /* Base */,
			);
			name = Main.storyboard;
			sourceTree = "<group>";
		};
		E19170EC1FF3985100C3BD1C /* LaunchScreen.storyboard */ = {
			isa = PBXVariantGroup;
			children = (
				E19170ED1FF3985100C3BD1C /* Base */,
			);
			name = LaunchScreen.storyboard;
			sourceTree = "<group>";
		};
/* End PBXVariantGroup section */

/* Begin XCBuildConfiguration section */
		E19170F01FF3985100C3BD1C /* Debug */ = {
			isa = XCBuildConfiguration;
			buildSettings = {
				ALWAYS_SEARCH_USER_PATHS = NO;
				CLANG_ANALYZER_NONNULL = YES;
				CLANG_ANALYZER_NUMBER_OBJECT_CONVERSION = YES_AGGRESSIVE;
				CLANG_CXX_LANGUAGE_STANDARD = "gnu++14";
				CLANG_CXX_LIBRARY = "libc++";
				CLANG_ENABLE_MODULES = YES;
				CLANG_ENABLE_OBJC_ARC = YES;
				CLANG_WARN_BLOCK_CAPTURE_AUTORELEASING = YES;
				CLANG_WARN_BOOL_CONVERSION = YES;
				CLANG_WARN_COMMA = YES;
				CLANG_WARN_CONSTANT_CONVERSION = YES;
				CLANG_WARN_DIRECT_OBJC_ISA_USAGE = YES_ERROR;
				CLANG_WARN_DOCUMENTATION_COMMENTS = YES;
				CLANG_WARN_EMPTY_BODY = YES;
				CLANG_WARN_ENUM_CONVERSION = YES;
				CLANG_WARN_INFINITE_RECURSION = YES;
				CLANG_WARN_INT_CONVERSION = YES;
				CLANG_WARN_NON_LITERAL_NULL_CONVERSION = YES;
				CLANG_WARN_OBJC_LITERAL_CONVERSION = YES;
				CLANG_WARN_OBJC_ROOT_CLASS = YES_ERROR;
				CLANG_WARN_RANGE_LOOP_ANALYSIS = YES;
				CLANG_WARN_STRICT_PROTOTYPES = YES;
				CLANG_WARN_SUSPICIOUS_MOVE = YES;
				CLANG_WARN_UNGUARDED_AVAILABILITY = YES_AGGRESSIVE;
				CLANG_WARN_UNREACHABLE_CODE = YES;
				CLANG_WARN__DUPLICATE_METHOD_MATCH = YES;
				CODE_SIGN_IDENTITY = "iPhone Developer";
				COPY_PHASE_STRIP = NO;
				DEBUG_INFORMATION_FORMAT = dwarf;
				ENABLE_STRICT_OBJC_MSGSEND = YES;
				ENABLE_TESTABILITY = YES;
				GCC_C_LANGUAGE_STANDARD = gnu11;
				GCC_DYNAMIC_NO_PIC = NO;
				GCC_NO_COMMON_BLOCKS = YES;
				GCC_OPTIMIZATION_LEVEL = 0;
				GCC_PREPROCESSOR_DEFINITIONS = (
					"DEBUG=1",
					"$(inherited)",
				);
				GCC_WARN_64_TO_32_BIT_CONVERSION = YES;
				GCC_WARN_ABOUT_RETURN_TYPE = YES_ERROR;
				GCC_WARN_UNDECLARED_SELECTOR = YES;
				GCC_WARN_UNINITIALIZED_AUTOS = YES_AGGRESSIVE;
				GCC_WARN_UNUSED_FUNCTION = YES;
				GCC_WARN_UNUSED_VARIABLE = YES;
				IPHONEOS_DEPLOYMENT_TARGET = 11.2;
				MTL_ENABLE_DEBUG_INFO = YES;
				ONLY_ACTIVE_ARCH = YES;
				SDKROOT = iphoneos;
				SWIFT_ACTIVE_COMPILATION_CONDITIONS = DEBUG;
				SWIFT_OPTIMIZATION_LEVEL = "-Onone";
			};
			name = Debug;
		};
		E19170F11FF3985100C3BD1C /* Release */ = {
			isa = XCBuildConfiguration;
			buildSettings = {
				ALWAYS_SEARCH_USER_PATHS = NO;
				CLANG_ANALYZER_NONNULL = YES;
				CLANG_ANALYZER_NUMBER_OBJECT_CONVERSION = YES_AGGRESSIVE;
				CLANG_CXX_LANGUAGE_STANDARD = "gnu++14";
				CLANG_CXX_LIBRARY = "libc++";
				CLANG_ENABLE_MODULES = YES;
				CLANG_ENABLE_OBJC_ARC = YES;
				CLANG_WARN_BLOCK_CAPTURE_AUTORELEASING = YES;
				CLANG_WARN_BOOL_CONVERSION = YES;
				CLANG_WARN_COMMA = YES;
				CLANG_WARN_CONSTANT_CONVERSION = YES;
				CLANG_WARN_DIRECT_OBJC_ISA_USAGE = YES_ERROR;
				CLANG_WARN_DOCUMENTATION_COMMENTS = YES;
				CLANG_WARN_EMPTY_BODY = YES;
				CLANG_WARN_ENUM_CONVERSION = YES;
				CLANG_WARN_INFINITE_RECURSION = YES;
				CLANG_WARN_INT_CONVERSION = YES;
				CLANG_WARN_NON_LITERAL_NULL_CONVERSION = YES;
				CLANG_WARN_OBJC_LITERAL_CONVERSION = YES;
				CLANG_WARN_OBJC_ROOT_CLASS = YES_ERROR;
				CLANG_WARN_RANGE_LOOP_ANALYSIS = YES;
				CLANG_WARN_STRICT_PROTOTYPES = YES;
				CLANG_WARN_SUSPICIOUS_MOVE = YES;
				CLANG_WARN_UNGUARDED_AVAILABILITY = YES_AGGRESSIVE;
				CLANG_WARN_UNREACHABLE_CODE = YES;
				CLANG_WARN__DUPLICATE_METHOD_MATCH = YES;
				CODE_SIGN_IDENTITY = "iPhone Developer";
				COPY_PHASE_STRIP = NO;
				DEBUG_INFORMATION_FORMAT = "dwarf-with-dsym";
				ENABLE_NS_ASSERTIONS = NO;
				ENABLE_STRICT_OBJC_MSGSEND = YES;
				GCC_C_LANGUAGE_STANDARD = gnu11;
				GCC_NO_COMMON_BLOCKS = YES;
				GCC_WARN_64_TO_32_BIT_CONVERSION = YES;
				GCC_WARN_ABOUT_RETURN_TYPE = YES_ERROR;
				GCC_WARN_UNDECLARED_SELECTOR = YES;
				GCC_WARN_UNINITIALIZED_AUTOS = YES_AGGRESSIVE;
				GCC_WARN_UNUSED_FUNCTION = YES;
				GCC_WARN_UNUSED_VARIABLE = YES;
				IPHONEOS_DEPLOYMENT_TARGET = 11.2;
				MTL_ENABLE_DEBUG_INFO = NO;
				SDKROOT = iphoneos;
				SWIFT_OPTIMIZATION_LEVEL = "-Owholemodule";
				VALIDATE_PRODUCT = YES;
			};
			name = Release;
		};
		E19170F31FF3985100C3BD1C /* Debug */ = {
			isa = XCBuildConfiguration;
			baseConfigurationReference = D4D0EA8C9B9210A9EC420EBA /* Pods-Patent App.debug.xcconfig */;
			buildSettings = {
				ASSETCATALOG_COMPILER_APPICON_NAME = AppIcon;
				CODE_SIGN_STYLE = Automatic;
				DEVELOPMENT_TEAM = RC7W8BPRW2;
				INFOPLIST_FILE = "Patent App/Info.plist";
				IPHONEOS_DEPLOYMENT_TARGET = 11.0;
				LD_RUNPATH_SEARCH_PATHS = "$(inherited) @executable_path/Frameworks";
				PRODUCT_BUNDLE_IDENTIFIER = "vega.Patent-App";
				PRODUCT_NAME = "$(TARGET_NAME)";
				SWIFT_VERSION = 4.0;
				TARGETED_DEVICE_FAMILY = "1,2";
			};
			name = Debug;
		};
		E19170F41FF3985100C3BD1C /* Release */ = {
			isa = XCBuildConfiguration;
			baseConfigurationReference = 7A19AD277406B221DC623C2C /* Pods-Patent App.release.xcconfig */;
			buildSettings = {
				ASSETCATALOG_COMPILER_APPICON_NAME = AppIcon;
				CODE_SIGN_STYLE = Automatic;
				DEVELOPMENT_TEAM = RC7W8BPRW2;
				INFOPLIST_FILE = "Patent App/Info.plist";
				IPHONEOS_DEPLOYMENT_TARGET = 11.0;
				LD_RUNPATH_SEARCH_PATHS = "$(inherited) @executable_path/Frameworks";
				PRODUCT_BUNDLE_IDENTIFIER = "vega.Patent-App";
				PRODUCT_NAME = "$(TARGET_NAME)";
				SWIFT_VERSION = 4.0;
				TARGETED_DEVICE_FAMILY = "1,2";
			};
			name = Release;
		};
/* End XCBuildConfiguration section */

/* Begin XCConfigurationList section */
		E19170DB1FF3985100C3BD1C /* Build configuration list for PBXProject "Patent App" */ = {
			isa = XCConfigurationList;
			buildConfigurations = (
				E19170F01FF3985100C3BD1C /* Debug */,
				E19170F11FF3985100C3BD1C /* Release */,
			);
			defaultConfigurationIsVisible = 0;
			defaultConfigurationName = Release;
		};
		E19170F21FF3985100C3BD1C /* Build configuration list for PBXNativeTarget "Patent App" */ = {
			isa = XCConfigurationList;
			buildConfigurations = (
				E19170F31FF3985100C3BD1C /* Debug */,
				E19170F41FF3985100C3BD1C /* Release */,
			);
			defaultConfigurationIsVisible = 0;
			defaultConfigurationName = Release;
		};
/* End XCConfigurationList section */

/* Begin XCVersionGroup section */
		E1ED4412201B530B00BA291A /* Patent.xcdatamodeld */ = {
			isa = XCVersionGroup;
			children = (
				E1ED4413201B530B00BA291A /* Patent.xcdatamodel */,
			);
			currentVersion = E1ED4413201B530B00BA291A /* Patent.xcdatamodel */;
			path = Patent.xcdatamodeld;
			sourceTree = "<group>";
			versionGroupType = wrapper.xcdatamodel;
		};
/* End XCVersionGroup section */
	};
	rootObject = E19170D81FF3985100C3BD1C /* Project object */;
}
